
Microsoft Visual Studio Solution File, Format Version 12.00
# Visual Studio Version 17
VisualStudioVersion = 17.10.35013.160
MinimumVisualStudioVersion = 10.0.40219.1
Project("{FAE04EC0-301F-11D3-BF4B-00C04F79EFBC}") = "InterfaceLesson", "InterfaceLesson\InterfaceLesson.csproj", "{7EBA011B-7407-46E5-8F22-04E607C273B9}"
EndProject
Global
	GlobalSection(SolutionConfigurationPlatforms) = preSolution
		Debug|Any CPU = Debug|Any CPU
		Release|Any CPU = Release|Any CPU
	EndGlobalSection
	GlobalSection(ProjectConfigurationPlatforms) = postSolution
		{7EBA011B-7407-46E5-8F22-04E607C273B9}.Debug|Any CPU.ActiveCfg = Debug|Any CPU
		{7EBA011B-7407-46E5-8F22-04E607C273B9}.Debug|Any CPU.Build.0 = Debug|Any CPU
		{7EBA011B-7407-46E5-8F22-04E607C273B9}.Release|Any CPU.ActiveCfg = Release|Any CPU
		{7EBA011B-7407-46E5-8F22-04E607C273B9}.Release|Any CPU.Build.0 = Release|Any CPU
	EndGlobalSection
	GlobalSection(SolutionProperties) = preSolution
		HideSolutionNode = FALSE
	EndGlobalSection
	GlobalSection(ExtensibilityGlobals) = postSolution
		SolutionGuid = {76BAF1E5-70CD-4561-B11D-CD62C3E1C141}
	EndGlobalSection
EndGlobal
